
Microsoft Visual Studio Solution File, Format Version 12.00
# Visual Studio Version 16
VisualStudioVersion = 16.0.33214.272
MinimumVisualStudioVersion = 10.0.40219.1
Project("{FAE04EC0-301F-11D3-BF4B-00C04F79EFBC}") = "SISCOV_DUKE", "SISCOV_DUKE\SISCOV_DUKE.csproj", "{75A32C82-F73E-40AF-BA6F-320328DD8361}"
EndProject
Project("{FAE04EC0-301F-11D3-BF4B-00C04F79EFBC}") = "biblioteca_conexion", "biblioteca_conexion\biblioteca_conexion.csproj", "{6D217373-22E7-4387-8DEA-2E145F188E9E}"
EndProject
Global
	GlobalSection(SolutionConfigurationPlatforms) = preSolution
		Debug|Any CPU = Debug|Any CPU
		Release|Any CPU = Release|Any CPU
	EndGlobalSection
	GlobalSection(ProjectConfigurationPlatforms) = postSolution
		{75A32C82-F73E-40AF-BA6F-320328DD8361}.Debug|Any CPU.ActiveCfg = Debug|Any CPU
		{75A32C82-F73E-40AF-BA6F-320328DD8361}.Debug|Any CPU.Build.0 = Debug|Any CPU
		{75A32C82-F73E-40AF-BA6F-320328DD8361}.Release|Any CPU.ActiveCfg = Release|Any CPU
		{75A32C82-F73E-40AF-BA6F-320328DD8361}.Release|Any CPU.Build.0 = Release|Any CPU
		{6D217373-22E7-4387-8DEA-2E145F188E9E}.Debug|Any CPU.ActiveCfg = Debug|Any CPU
		{6D217373-22E7-4387-8DEA-2E145F188E9E}.Debug|Any CPU.Build.0 = Debug|Any CPU
		{6D217373-22E7-4387-8DEA-2E145F188E9E}.Release|Any CPU.ActiveCfg = Release|Any CPU
		{6D217373-22E7-4387-8DEA-2E145F188E9E}.Release|Any CPU.Build.0 = Release|Any CPU
	EndGlobalSection
	GlobalSection(SolutionProperties) = preSolution
		HideSolutionNode = FALSE
	EndGlobalSection
	GlobalSection(ExtensibilityGlobals) = postSolution
		SolutionGuid = {C360FB11-61E0-4F0B-9E5D-47BEF3C14284}
	EndGlobalSection
EndGlobal
